// !$*UTF8*$!
{
	archiveVersion = 1;
	classes = {
	};
	objectVersion = 56;
	objects = {

/* Begin PBXBuildFile section */
		18C12D1F2BBA403D00708BA6 /* SectionView.swift in Sources */ = {isa = PBXBuildFile; fileRef = 18C12D1E2BBA403D00708BA6 /* SectionView.swift */; };
		18C12D212BBA457A00708BA6 /* ClubDetailView.swift in Sources */ = {isa = PBXBuildFile; fileRef = 18C12D202BBA457A00708BA6 /* ClubDetailView.swift */; };
		18C12D232BBA45C600708BA6 /* ClubModel.swift in Sources */ = {isa = PBXBuildFile; fileRef = 18C12D222BBA45C600708BA6 /* ClubModel.swift */; };
		18E1BF7E2BB74BD100FF9BC3 /* SearchBarView.swift in Sources */ = {isa = PBXBuildFile; fileRef = 18E1BF7D2BB74BD100FF9BC3 /* SearchBarView.swift */; };
		18E1BF802BB74BEF00FF9BC3 /* CategoryItemView.swift in Sources */ = {isa = PBXBuildFile; fileRef = 18E1BF7F2BB74BEF00FF9BC3 /* CategoryItemView.swift */; };
		18E1BF822BB74C1100FF9BC3 /* CategoriesView.swift in Sources */ = {isa = PBXBuildFile; fileRef = 18E1BF812BB74C1100FF9BC3 /* CategoriesView.swift */; };
		4609F1132B76A32C005DA132 /* GaytorPalApp.swift in Sources */ = {isa = PBXBuildFile; fileRef = 4609F1122B76A32C005DA132 /* GaytorPalApp.swift */; };
		4609F1152B76A32C005DA132 /* ContentView.swift in Sources */ = {isa = PBXBuildFile; fileRef = 4609F1142B76A32C005DA132 /* ContentView.swift */; };
		4609F1172B76A32D005DA132 /* Assets.xcassets in Resources */ = {isa = PBXBuildFile; fileRef = 4609F1162B76A32D005DA132 /* Assets.xcassets */; };
		4609F11A2B76A32D005DA132 /* Preview Assets.xcassets in Resources */ = {isa = PBXBuildFile; fileRef = 4609F1192B76A32D005DA132 /* Preview Assets.xcassets */; };
		4609F13F2B76A5ED005DA132 /* HomeViewModel.swift in Sources */ = {isa = PBXBuildFile; fileRef = 4609F1372B76A5ED005DA132 /* HomeViewModel.swift */; };
		4609F1402B76A5ED005DA132 /* HomeView.swift in Sources */ = {isa = PBXBuildFile; fileRef = 4609F1382B76A5ED005DA132 /* HomeView.swift */; };
		4609F1412B76A5ED005DA132 /* RegisterView.swift in Sources */ = {isa = PBXBuildFile; fileRef = 4609F13A2B76A5ED005DA132 /* RegisterView.swift */; };
		4609F1422B76A5ED005DA132 /* AuthViewModel.swift in Sources */ = {isa = PBXBuildFile; fileRef = 4609F13B2B76A5ED005DA132 /* AuthViewModel.swift */; };
		4609F1432B76A5ED005DA132 /* SignInView.swift in Sources */ = {isa = PBXBuildFile; fileRef = 4609F13D2B76A5ED005DA132 /* SignInView.swift */; };
		46645F7C2BACD0DF00B7B122 /* InputView.swift in Sources */ = {isa = PBXBuildFile; fileRef = 46645F7B2BACD0DF00B7B122 /* InputView.swift */; };
		466A2E8D2BB333BA00370799 /* GoogleService-Info.plist in Resources */ = {isa = PBXBuildFile; fileRef = 466A2E8C2BB333BA00370799 /* GoogleService-Info.plist */; };
		466A2E902BB336B600370799 /* User.swift in Sources */ = {isa = PBXBuildFile; fileRef = 466A2E8F2BB336B600370799 /* User.swift */; };
		466A2E932BB4DF6000370799 /* FirebaseAuth in Frameworks */ = {isa = PBXBuildFile; productRef = 466A2E922BB4DF6000370799 /* FirebaseAuth */; };
		466A2E952BB4DF6000370799 /* FirebaseFirestore in Frameworks */ = {isa = PBXBuildFile; productRef = 466A2E942BB4DF6000370799 /* FirebaseFirestore */; };
		466A2E972BB4DF6000370799 /* FirebaseFirestoreSwift in Frameworks */ = {isa = PBXBuildFile; productRef = 466A2E962BB4DF6000370799 /* FirebaseFirestoreSwift */; };
		466A2E992BB4DF6000370799 /* FirebaseStorage in Frameworks */ = {isa = PBXBuildFile; productRef = 466A2E982BB4DF6000370799 /* FirebaseStorage */; };
		466A2E9B2BB5F89800370799 /* CalendarView.swift in Sources */ = {isa = PBXBuildFile; fileRef = 466A2E9A2BB5F89800370799 /* CalendarView.swift */; };
		466A2E9D2BB5F91200370799 /* ClubView.swift in Sources */ = {isa = PBXBuildFile; fileRef = 466A2E9C2BB5F91200370799 /* ClubView.swift */; };
		466A2EA02BB5FAA200370799 /* CalendarViewModel.swift in Sources */ = {isa = PBXBuildFile; fileRef = 466A2E9F2BB5FAA200370799 /* CalendarViewModel.swift */; };
		466A2EA32BB5FF2F00370799 /* NewTaskView.swift in Sources */ = {isa = PBXBuildFile; fileRef = 466A2EA22BB5FF2F00370799 /* NewTaskView.swift */; };
		466A2EA52BB5FF3D00370799 /* NewTaskViewModel.swift in Sources */ = {isa = PBXBuildFile; fileRef = 466A2EA42BB5FF3D00370799 /* NewTaskViewModel.swift */; };
		466A2EA82BB600A500370799 /* Date+Extensions.swift in Sources */ = {isa = PBXBuildFile; fileRef = 466A2EA72BB600A500370799 /* Date+Extensions.swift */; };
		466A2EAA2BB600DB00370799 /* View+Extensions.swift in Sources */ = {isa = PBXBuildFile; fileRef = 466A2EA92BB600DB00370799 /* View+Extensions.swift */; };
		466A2EAC2BB60ABE00370799 /* WeekView.swift in Sources */ = {isa = PBXBuildFile; fileRef = 466A2EAB2BB60ABE00370799 /* WeekView.swift */; };
		467A5B6F2BB67AF5004E118D /* Assignment.swift in Sources */ = {isa = PBXBuildFile; fileRef = 467A5B6E2BB67AF5004E118D /* Assignment.swift */; };
		467A5B722BB67BBE004E118D /* TaskCardView.swift in Sources */ = {isa = PBXBuildFile; fileRef = 467A5B712BB67BBE004E118D /* TaskCardView.swift */; };
/* End PBXBuildFile section */

/* Begin PBXFileReference section */
		18C12D1E2BBA403D00708BA6 /* SectionView.swift */ = {isa = PBXFileReference; lastKnownFileType = sourcecode.swift; path = SectionView.swift; sourceTree = "<group>"; };
		18C12D202BBA457A00708BA6 /* ClubDetailView.swift */ = {isa = PBXFileReference; lastKnownFileType = sourcecode.swift; path = ClubDetailView.swift; sourceTree = "<group>"; };
		18C12D222BBA45C600708BA6 /* ClubModel.swift */ = {isa = PBXFileReference; lastKnownFileType = sourcecode.swift; path = ClubModel.swift; sourceTree = "<group>"; };
		18E1BF7D2BB74BD100FF9BC3 /* SearchBarView.swift */ = {isa = PBXFileReference; lastKnownFileType = sourcecode.swift; path = SearchBarView.swift; sourceTree = "<group>"; };
		18E1BF7F2BB74BEF00FF9BC3 /* CategoryItemView.swift */ = {isa = PBXFileReference; lastKnownFileType = sourcecode.swift; path = CategoryItemView.swift; sourceTree = "<group>"; };
		18E1BF812BB74C1100FF9BC3 /* CategoriesView.swift */ = {isa = PBXFileReference; lastKnownFileType = sourcecode.swift; path = CategoriesView.swift; sourceTree = "<group>"; };
		4609F10F2B76A32C005DA132 /* GaytorPal.app */ = {isa = PBXFileReference; explicitFileType = wrapper.application; includeInIndex = 0; path = GaytorPal.app; sourceTree = BUILT_PRODUCTS_DIR; };
		4609F1122B76A32C005DA132 /* GaytorPalApp.swift */ = {isa = PBXFileReference; lastKnownFileType = sourcecode.swift; path = GaytorPalApp.swift; sourceTree = "<group>"; };
		4609F1142B76A32C005DA132 /* ContentView.swift */ = {isa = PBXFileReference; lastKnownFileType = sourcecode.swift; path = ContentView.swift; sourceTree = "<group>"; };
		4609F1162B76A32D005DA132 /* Assets.xcassets */ = {isa = PBXFileReference; lastKnownFileType = folder.assetcatalog; path = Assets.xcassets; sourceTree = "<group>"; };
		4609F1192B76A32D005DA132 /* Preview Assets.xcassets */ = {isa = PBXFileReference; lastKnownFileType = folder.assetcatalog; path = "Preview Assets.xcassets"; sourceTree = "<group>"; };
		4609F1372B76A5ED005DA132 /* HomeViewModel.swift */ = {isa = PBXFileReference; fileEncoding = 4; lastKnownFileType = sourcecode.swift; path = HomeViewModel.swift; sourceTree = "<group>"; };
		4609F1382B76A5ED005DA132 /* HomeView.swift */ = {isa = PBXFileReference; fileEncoding = 4; lastKnownFileType = sourcecode.swift; path = HomeView.swift; sourceTree = "<group>"; };
		4609F13A2B76A5ED005DA132 /* RegisterView.swift */ = {isa = PBXFileReference; fileEncoding = 4; lastKnownFileType = sourcecode.swift; path = RegisterView.swift; sourceTree = "<group>"; };
		4609F13B2B76A5ED005DA132 /* AuthViewModel.swift */ = {isa = PBXFileReference; fileEncoding = 4; lastKnownFileType = sourcecode.swift; path = AuthViewModel.swift; sourceTree = "<group>"; };
		4609F13D2B76A5ED005DA132 /* SignInView.swift */ = {isa = PBXFileReference; fileEncoding = 4; lastKnownFileType = sourcecode.swift; path = SignInView.swift; sourceTree = "<group>"; };
		46645F7B2BACD0DF00B7B122 /* InputView.swift */ = {isa = PBXFileReference; lastKnownFileType = sourcecode.swift; path = InputView.swift; sourceTree = "<group>"; };
		466A2E8C2BB333BA00370799 /* GoogleService-Info.plist */ = {isa = PBXFileReference; fileEncoding = 4; lastKnownFileType = text.plist.xml; path = "GoogleService-Info.plist"; sourceTree = SOURCE_ROOT; };
		466A2E8F2BB336B600370799 /* User.swift */ = {isa = PBXFileReference; lastKnownFileType = sourcecode.swift; path = User.swift; sourceTree = "<group>"; };
		466A2E9A2BB5F89800370799 /* CalendarView.swift */ = {isa = PBXFileReference; lastKnownFileType = sourcecode.swift; path = CalendarView.swift; sourceTree = "<group>"; };
		466A2E9C2BB5F91200370799 /* ClubView.swift */ = {isa = PBXFileReference; lastKnownFileType = sourcecode.swift; path = ClubView.swift; sourceTree = "<group>"; };
		466A2E9F2BB5FAA200370799 /* CalendarViewModel.swift */ = {isa = PBXFileReference; lastKnownFileType = sourcecode.swift; path = CalendarViewModel.swift; sourceTree = "<group>"; };
		466A2EA22BB5FF2F00370799 /* NewTaskView.swift */ = {isa = PBXFileReference; lastKnownFileType = sourcecode.swift; path = NewTaskView.swift; sourceTree = "<group>"; };
		466A2EA42BB5FF3D00370799 /* NewTaskViewModel.swift */ = {isa = PBXFileReference; lastKnownFileType = sourcecode.swift; path = NewTaskViewModel.swift; sourceTree = "<group>"; };
		466A2EA72BB600A500370799 /* Date+Extensions.swift */ = {isa = PBXFileReference; lastKnownFileType = sourcecode.swift; path = "Date+Extensions.swift"; sourceTree = "<group>"; };
		466A2EA92BB600DB00370799 /* View+Extensions.swift */ = {isa = PBXFileReference; lastKnownFileType = sourcecode.swift; path = "View+Extensions.swift"; sourceTree = "<group>"; };
		466A2EAB2BB60ABE00370799 /* WeekView.swift */ = {isa = PBXFileReference; lastKnownFileType = sourcecode.swift; path = WeekView.swift; sourceTree = "<group>"; };
		467A5B6E2BB67AF5004E118D /* Assignment.swift */ = {isa = PBXFileReference; lastKnownFileType = sourcecode.swift; path = Assignment.swift; sourceTree = "<group>"; };
		467A5B712BB67BBE004E118D /* TaskCardView.swift */ = {isa = PBXFileReference; lastKnownFileType = sourcecode.swift; path = TaskCardView.swift; sourceTree = "<group>"; };
/* End PBXFileReference section */

/* Begin PBXFrameworksBuildPhase section */
		4609F10C2B76A32C005DA132 /* Frameworks */ = {
			isa = PBXFrameworksBuildPhase;
			buildActionMask = 2147483647;
			files = (
				466A2E932BB4DF6000370799 /* FirebaseAuth in Frameworks */,
				466A2E992BB4DF6000370799 /* FirebaseStorage in Frameworks */,
				466A2E952BB4DF6000370799 /* FirebaseFirestore in Frameworks */,
				466A2E972BB4DF6000370799 /* FirebaseFirestoreSwift in Frameworks */,
			);
			runOnlyForDeploymentPostprocessing = 0;
		};
/* End PBXFrameworksBuildPhase section */

/* Begin PBXGroup section */
		18E1BF7C2BB73D8600FF9BC3 /* club */ = {
			isa = PBXGroup;
			children = (
				18E1BF7D2BB74BD100FF9BC3 /* SearchBarView.swift */,
				18E1BF7F2BB74BEF00FF9BC3 /* CategoryItemView.swift */,
				18E1BF812BB74C1100FF9BC3 /* CategoriesView.swift */,
				18C12D1E2BBA403D00708BA6 /* SectionView.swift */,
				18C12D202BBA457A00708BA6 /* ClubDetailView.swift */,
				18C12D222BBA45C600708BA6 /* ClubModel.swift */,
			);
			path = club;
			sourceTree = "<group>";
		};
		4609F1062B76A32C005DA132 = {
			isa = PBXGroup;
			children = (
				4609F1112B76A32C005DA132 /* GaytorPal */,
				4609F1102B76A32C005DA132 /* Products */,
			);
			sourceTree = "<group>";
		};
		4609F1102B76A32C005DA132 /* Products */ = {
			isa = PBXGroup;
			children = (
				4609F10F2B76A32C005DA132 /* GaytorPal.app */,
			);
			name = Products;
			sourceTree = "<group>";
		};
		4609F1112B76A32C005DA132 /* GaytorPal */ = {
			isa = PBXGroup;
			children = (
				466A2EA62BB6007400370799 /* Helpers */,
				466A2E8E2BB336A600370799 /* Model */,
				4609F1342B76A5ED005DA132 /* UI */,
				4609F1122B76A32C005DA132 /* GaytorPalApp.swift */,
				4609F1142B76A32C005DA132 /* ContentView.swift */,
				466A2E8C2BB333BA00370799 /* GoogleService-Info.plist */,
				4609F1162B76A32D005DA132 /* Assets.xcassets */,
				4609F1182B76A32D005DA132 /* Preview Content */,
			);
			path = GaytorPal;
			sourceTree = "<group>";
		};
		4609F1182B76A32D005DA132 /* Preview Content */ = {
			isa = PBXGroup;
			children = (
				4609F1192B76A32D005DA132 /* Preview Assets.xcassets */,
			);
			path = "Preview Content";
			sourceTree = "<group>";
		};
		4609F1342B76A5ED005DA132 /* UI */ = {
			isa = PBXGroup;
			children = (
				46645F7A2BACD0CF00B7B122 /* components */,
				4609F1352B76A5ED005DA132 /* pages */,
			);
			path = UI;
			sourceTree = "<group>";
		};
		4609F1352B76A5ED005DA132 /* pages */ = {
			isa = PBXGroup;
			children = (
				18E1BF7C2BB73D8600FF9BC3 /* club */,
				467A5B702BB67B8F004E118D /* task */,
				466A2EA12BB5FF0500370799 /* views */,
				466A2E9E2BB5FA9100370799 /* calendar */,
				4609F1362B76A5ED005DA132 /* home */,
				4609F1392B76A5ED005DA132 /* signIn - register */,
			);
			path = pages;
			sourceTree = "<group>";
		};
		4609F1362B76A5ED005DA132 /* home */ = {
			isa = PBXGroup;
			children = (
				4609F1372B76A5ED005DA132 /* HomeViewModel.swift */,
				4609F1382B76A5ED005DA132 /* HomeView.swift */,
			);
			path = home;
			sourceTree = "<group>";
		};
		4609F1392B76A5ED005DA132 /* signIn - register */ = {
			isa = PBXGroup;
			children = (
				4609F13D2B76A5ED005DA132 /* SignInView.swift */,
				4609F13A2B76A5ED005DA132 /* RegisterView.swift */,
				4609F13B2B76A5ED005DA132 /* AuthViewModel.swift */,
			);
			path = "signIn - register";
			sourceTree = "<group>";
		};
		46645F7A2BACD0CF00B7B122 /* components */ = {
			isa = PBXGroup;
			children = (
				46645F7B2BACD0DF00B7B122 /* InputView.swift */,
			);
			path = components;
			sourceTree = "<group>";
		};
		466A2E8E2BB336A600370799 /* Model */ = {
			isa = PBXGroup;
			children = (
				466A2E8F2BB336B600370799 /* User.swift */,
				467A5B6E2BB67AF5004E118D /* Assignment.swift */,
			);
			path = Model;
			sourceTree = "<group>";
		};
		466A2E9E2BB5FA9100370799 /* calendar */ = {
			isa = PBXGroup;
			children = (
				466A2E9A2BB5F89800370799 /* CalendarView.swift */,
				466A2E9F2BB5FAA200370799 /* CalendarViewModel.swift */,
			);
			path = calendar;
			sourceTree = "<group>";
		};
		466A2EA12BB5FF0500370799 /* views */ = {
			isa = PBXGroup;
			children = (
				466A2E9C2BB5F91200370799 /* ClubView.swift */,
				466A2EA22BB5FF2F00370799 /* NewTaskView.swift */,
				466A2EA42BB5FF3D00370799 /* NewTaskViewModel.swift */,
				466A2EAB2BB60ABE00370799 /* WeekView.swift */,
			);
			path = views;
			sourceTree = "<group>";
		};
		466A2EA62BB6007400370799 /* Helpers */ = {
			isa = PBXGroup;
			children = (
				466A2EA72BB600A500370799 /* Date+Extensions.swift */,
				466A2EA92BB600DB00370799 /* View+Extensions.swift */,
			);
			path = Helpers;
			sourceTree = "<group>";
		};
		467A5B702BB67B8F004E118D /* task */ = {
			isa = PBXGroup;
			children = (
				467A5B712BB67BBE004E118D /* TaskCardView.swift */,
			);
			path = task;
			sourceTree = "<group>";
		};
/* End PBXGroup section */

/* Begin PBXNativeTarget section */
		4609F10E2B76A32C005DA132 /* GaytorPal */ = {
			isa = PBXNativeTarget;
			buildConfigurationList = 4609F11D2B76A32D005DA132 /* Build configuration list for PBXNativeTarget "GaytorPal" */;
			buildPhases = (
				4609F10B2B76A32C005DA132 /* Sources */,
				4609F10C2B76A32C005DA132 /* Frameworks */,
				4609F10D2B76A32C005DA132 /* Resources */,
			);
			buildRules = (
			);
			dependencies = (
			);
			name = GaytorPal;
			packageProductDependencies = (
				466A2E922BB4DF6000370799 /* FirebaseAuth */,
				466A2E942BB4DF6000370799 /* FirebaseFirestore */,
				466A2E962BB4DF6000370799 /* FirebaseFirestoreSwift */,
				466A2E982BB4DF6000370799 /* FirebaseStorage */,
			);
			productName = GaytorPal;
			productReference = 4609F10F2B76A32C005DA132 /* GaytorPal.app */;
			productType = "com.apple.product-type.application";
		};
/* End PBXNativeTarget section */

/* Begin PBXProject section */
		4609F1072B76A32C005DA132 /* Project object */ = {
			isa = PBXProject;
			attributes = {
				BuildIndependentTargetsInParallel = 1;
				LastSwiftUpdateCheck = 1520;
				LastUpgradeCheck = 1520;
				TargetAttributes = {
					4609F10E2B76A32C005DA132 = {
						CreatedOnToolsVersion = 15.2;
					};
				};
			};
			buildConfigurationList = 4609F10A2B76A32C005DA132 /* Build configuration list for PBXProject "GaytorPal" */;
			compatibilityVersion = "Xcode 14.0";
			developmentRegion = en;
			hasScannedForEncodings = 0;
			knownRegions = (
				en,
				Base,
			);
			mainGroup = 4609F1062B76A32C005DA132;
			packageReferences = (
				466A2E912BB4DF6000370799 /* XCRemoteSwiftPackageReference "firebase-ios-sdk" */,
			);
			productRefGroup = 4609F1102B76A32C005DA132 /* Products */;
			projectDirPath = "";
			projectRoot = "";
			targets = (
				4609F10E2B76A32C005DA132 /* GaytorPal */,
			);
		};
/* End PBXProject section */

/* Begin PBXResourcesBuildPhase section */
		4609F10D2B76A32C005DA132 /* Resources */ = {
			isa = PBXResourcesBuildPhase;
			buildActionMask = 2147483647;
			files = (
				4609F11A2B76A32D005DA132 /* Preview Assets.xcassets in Resources */,
				4609F1172B76A32D005DA132 /* Assets.xcassets in Resources */,
				466A2E8D2BB333BA00370799 /* GoogleService-Info.plist in Resources */,
			);
			runOnlyForDeploymentPostprocessing = 0;
		};
/* End PBXResourcesBuildPhase section */

/* Begin PBXSourcesBuildPhase section */
		4609F10B2B76A32C005DA132 /* Sources */ = {
			isa = PBXSourcesBuildPhase;
			buildActionMask = 2147483647;
			files = (
				18E1BF7E2BB74BD100FF9BC3 /* SearchBarView.swift in Sources */,
				466A2EA52BB5FF3D00370799 /* NewTaskViewModel.swift in Sources */,
				466A2EA02BB5FAA200370799 /* CalendarViewModel.swift in Sources */,
				18E1BF802BB74BEF00FF9BC3 /* CategoryItemView.swift in Sources */,
				18C12D232BBA45C600708BA6 /* ClubModel.swift in Sources */,
				466A2E9B2BB5F89800370799 /* CalendarView.swift in Sources */,
				4609F1152B76A32C005DA132 /* ContentView.swift in Sources */,
				4609F1432B76A5ED005DA132 /* SignInView.swift in Sources */,
				4609F1422B76A5ED005DA132 /* AuthViewModel.swift in Sources */,
				18C12D1F2BBA403D00708BA6 /* SectionView.swift in Sources */,
				18E1BF822BB74C1100FF9BC3 /* CategoriesView.swift in Sources */,
				466A2EAC2BB60ABE00370799 /* WeekView.swift in Sources */,
				466A2EAA2BB600DB00370799 /* View+Extensions.swift in Sources */,
				4609F1412B76A5ED005DA132 /* RegisterView.swift in Sources */,
				4609F1402B76A5ED005DA132 /* HomeView.swift in Sources */,
				467A5B722BB67BBE004E118D /* TaskCardView.swift in Sources */,
				466A2EA82BB600A500370799 /* Date+Extensions.swift in Sources */,
				466A2E902BB336B600370799 /* User.swift in Sources */,
				466A2EA32BB5FF2F00370799 /* NewTaskView.swift in Sources */,
				46645F7C2BACD0DF00B7B122 /* InputView.swift in Sources */,
				18C12D212BBA457A00708BA6 /* ClubDetailView.swift in Sources */,
				4609F13F2B76A5ED005DA132 /* HomeViewModel.swift in Sources */,
				4609F1132B76A32C005DA132 /* GaytorPalApp.swift in Sources */,
				467A5B6F2BB67AF5004E118D /* Assignment.swift in Sources */,
				466A2E9D2BB5F91200370799 /* ClubView.swift in Sources */,
			);
			runOnlyForDeploymentPostprocessing = 0;
		};
/* End PBXSourcesBuildPhase section */

/* Begin XCBuildConfiguration section */
		4609F11B2B76A32D005DA132 /* Debug */ = {
			isa = XCBuildConfiguration;
			buildSettings = {
				ALWAYS_SEARCH_USER_PATHS = NO;
				ASSETCATALOG_COMPILER_GENERATE_SWIFT_ASSET_SYMBOL_EXTENSIONS = YES;
				CLANG_ANALYZER_NONNULL = YES;
				CLANG_ANALYZER_NUMBER_OBJECT_CONVERSION = YES_AGGRESSIVE;
				CLANG_CXX_LANGUAGE_STANDARD = "gnu++20";
				CLANG_ENABLE_MODULES = YES;
				CLANG_ENABLE_OBJC_ARC = YES;
				CLANG_ENABLE_OBJC_WEAK = YES;
				CLANG_WARN_BLOCK_CAPTURE_AUTORELEASING = YES;
				CLANG_WARN_BOOL_CONVERSION = YES;
				CLANG_WARN_COMMA = YES;
				CLANG_WARN_CONSTANT_CONVERSION = YES;
				CLANG_WARN_DEPRECATED_OBJC_IMPLEMENTATIONS = YES;
				CLANG_WARN_DIRECT_OBJC_ISA_USAGE = YES_ERROR;
				CLANG_WARN_DOCUMENTATION_COMMENTS = YES;
				CLANG_WARN_EMPTY_BODY = YES;
				CLANG_WARN_ENUM_CONVERSION = YES;
				CLANG_WARN_INFINITE_RECURSION = YES;
				CLANG_WARN_INT_CONVERSION = YES;
				CLANG_WARN_NON_LITERAL_NULL_CONVERSION = YES;
				CLANG_WARN_OBJC_IMPLICIT_RETAIN_SELF = YES;
				CLANG_WARN_OBJC_LITERAL_CONVERSION = YES;
				CLANG_WARN_OBJC_ROOT_CLASS = YES_ERROR;
				CLANG_WARN_QUOTED_INCLUDE_IN_FRAMEWORK_HEADER = YES;
				CLANG_WARN_RANGE_LOOP_ANALYSIS = YES;
				CLANG_WARN_STRICT_PROTOTYPES = YES;
				CLANG_WARN_SUSPICIOUS_MOVE = YES;
				CLANG_WARN_UNGUARDED_AVAILABILITY = YES_AGGRESSIVE;
				CLANG_WARN_UNREACHABLE_CODE = YES;
				CLANG_WARN__DUPLICATE_METHOD_MATCH = YES;
				COPY_PHASE_STRIP = NO;
				DEBUG_INFORMATION_FORMAT = dwarf;
				ENABLE_STRICT_OBJC_MSGSEND = YES;
				ENABLE_TESTABILITY = YES;
				ENABLE_USER_SCRIPT_SANDBOXING = YES;
				GCC_C_LANGUAGE_STANDARD = gnu17;
				GCC_DYNAMIC_NO_PIC = NO;
				GCC_NO_COMMON_BLOCKS = YES;
				GCC_OPTIMIZATION_LEVEL = 0;
				GCC_PREPROCESSOR_DEFINITIONS = (
					"DEBUG=1",
					"$(inherited)",
				);
				GCC_WARN_64_TO_32_BIT_CONVERSION = YES;
				GCC_WARN_ABOUT_RETURN_TYPE = YES_ERROR;
				GCC_WARN_UNDECLARED_SELECTOR = YES;
				GCC_WARN_UNINITIALIZED_AUTOS = YES_AGGRESSIVE;
				GCC_WARN_UNUSED_FUNCTION = YES;
				GCC_WARN_UNUSED_VARIABLE = YES;
				IPHONEOS_DEPLOYMENT_TARGET = 17.2;
				LOCALIZATION_PREFERS_STRING_CATALOGS = YES;
				MTL_ENABLE_DEBUG_INFO = INCLUDE_SOURCE;
				MTL_FAST_MATH = YES;
				ONLY_ACTIVE_ARCH = YES;
				SDKROOT = iphoneos;
				SWIFT_ACTIVE_COMPILATION_CONDITIONS = "DEBUG $(inherited)";
				SWIFT_OPTIMIZATION_LEVEL = "-Onone";
			};
			name = Debug;
		};
		4609F11C2B76A32D005DA132 /* Release */ = {
			isa = XCBuildConfiguration;
			buildSettings = {
				ALWAYS_SEARCH_USER_PATHS = NO;
				ASSETCATALOG_COMPILER_GENERATE_SWIFT_ASSET_SYMBOL_EXTENSIONS = YES;
				CLANG_ANALYZER_NONNULL = YES;
				CLANG_ANALYZER_NUMBER_OBJECT_CONVERSION = YES_AGGRESSIVE;
				CLANG_CXX_LANGUAGE_STANDARD = "gnu++20";
				CLANG_ENABLE_MODULES = YES;
				CLANG_ENABLE_OBJC_ARC = YES;
				CLANG_ENABLE_OBJC_WEAK = YES;
				CLANG_WARN_BLOCK_CAPTURE_AUTORELEASING = YES;
				CLANG_WARN_BOOL_CONVERSION = YES;
				CLANG_WARN_COMMA = YES;
				CLANG_WARN_CONSTANT_CONVERSION = YES;
				CLANG_WARN_DEPRECATED_OBJC_IMPLEMENTATIONS = YES;
				CLANG_WARN_DIRECT_OBJC_ISA_USAGE = YES_ERROR;
				CLANG_WARN_DOCUMENTATION_COMMENTS = YES;
				CLANG_WARN_EMPTY_BODY = YES;
				CLANG_WARN_ENUM_CONVERSION = YES;
				CLANG_WARN_INFINITE_RECURSION = YES;
				CLANG_WARN_INT_CONVERSION = YES;
				CLANG_WARN_NON_LITERAL_NULL_CONVERSION = YES;
				CLANG_WARN_OBJC_IMPLICIT_RETAIN_SELF = YES;
				CLANG_WARN_OBJC_LITERAL_CONVERSION = YES;
				CLANG_WARN_OBJC_ROOT_CLASS = YES_ERROR;
				CLANG_WARN_QUOTED_INCLUDE_IN_FRAMEWORK_HEADER = YES;
				CLANG_WARN_RANGE_LOOP_ANALYSIS = YES;
				CLANG_WARN_STRICT_PROTOTYPES = YES;
				CLANG_WARN_SUSPICIOUS_MOVE = YES;
				CLANG_WARN_UNGUARDED_AVAILABILITY = YES_AGGRESSIVE;
				CLANG_WARN_UNREACHABLE_CODE = YES;
				CLANG_WARN__DUPLICATE_METHOD_MATCH = YES;
				COPY_PHASE_STRIP = NO;
				DEBUG_INFORMATION_FORMAT = "dwarf-with-dsym";
				ENABLE_NS_ASSERTIONS = NO;
				ENABLE_STRICT_OBJC_MSGSEND = YES;
				ENABLE_USER_SCRIPT_SANDBOXING = YES;
				GCC_C_LANGUAGE_STANDARD = gnu17;
				GCC_NO_COMMON_BLOCKS = YES;
				GCC_WARN_64_TO_32_BIT_CONVERSION = YES;
				GCC_WARN_ABOUT_RETURN_TYPE = YES_ERROR;
				GCC_WARN_UNDECLARED_SELECTOR = YES;
				GCC_WARN_UNINITIALIZED_AUTOS = YES_AGGRESSIVE;
				GCC_WARN_UNUSED_FUNCTION = YES;
				GCC_WARN_UNUSED_VARIABLE = YES;
				IPHONEOS_DEPLOYMENT_TARGET = 17.2;
				LOCALIZATION_PREFERS_STRING_CATALOGS = YES;
				MTL_ENABLE_DEBUG_INFO = NO;
				MTL_FAST_MATH = YES;
				SDKROOT = iphoneos;
				SWIFT_COMPILATION_MODE = wholemodule;
				VALIDATE_PRODUCT = YES;
			};
			name = Release;
		};
		4609F11E2B76A32D005DA132 /* Debug */ = {
			isa = XCBuildConfiguration;
			buildSettings = {
				ASSETCATALOG_COMPILER_APPICON_NAME = AppIcon;
				ASSETCATALOG_COMPILER_GLOBAL_ACCENT_COLOR_NAME = AccentColor;
				CODE_SIGN_STYLE = Automatic;
				CURRENT_PROJECT_VERSION = 1;
				DEVELOPMENT_ASSET_PATHS = "\"GaytorPal/Preview Content\"";
				DEVELOPMENT_TEAM = KMRDDYUCK6;
				ENABLE_PREVIEWS = YES;
				GENERATE_INFOPLIST_FILE = YES;
				INFOPLIST_KEY_UIApplicationSceneManifest_Generation = YES;
				INFOPLIST_KEY_UIApplicationSupportsIndirectInputEvents = YES;
				INFOPLIST_KEY_UILaunchScreen_Generation = YES;
				INFOPLIST_KEY_UISupportedInterfaceOrientations_iPad = "UIInterfaceOrientationPortrait UIInterfaceOrientationPortraitUpsideDown UIInterfaceOrientationLandscapeLeft UIInterfaceOrientationLandscapeRight";
				INFOPLIST_KEY_UISupportedInterfaceOrientations_iPhone = "UIInterfaceOrientationPortrait UIInterfaceOrientationLandscapeLeft UIInterfaceOrientationLandscapeRight";
				LD_RUNPATH_SEARCH_PATHS = (
					"$(inherited)",
					"@executable_path/Frameworks",
				);
				MARKETING_VERSION = 1.0;
				PRODUCT_BUNDLE_IDENTIFIER = me.denis.david.GaytorPal;
				PRODUCT_NAME = "$(TARGET_NAME)";
				SWIFT_EMIT_LOC_STRINGS = YES;
				SWIFT_VERSION = 5.0;
				TARGETED_DEVICE_FAMILY = "1,2";
			};
			name = Debug;
		};
		4609F11F2B76A32D005DA132 /* Release */ = {
			isa = XCBuildConfiguration;
			buildSettings = {
				ASSETCATALOG_COMPILER_APPICON_NAME = AppIcon;
				ASSETCATALOG_COMPILER_GLOBAL_ACCENT_COLOR_NAME = AccentColor;
				CODE_SIGN_STYLE = Automatic;
				CURRENT_PROJECT_VERSION = 1;
				DEVELOPMENT_ASSET_PATHS = "\"GaytorPal/Preview Content\"";
				DEVELOPMENT_TEAM = KMRDDYUCK6;
				ENABLE_PREVIEWS = YES;
				GENERATE_INFOPLIST_FILE = YES;
				INFOPLIST_KEY_UIApplicationSceneManifest_Generation = YES;
				INFOPLIST_KEY_UIApplicationSupportsIndirectInputEvents = YES;
				INFOPLIST_KEY_UILaunchScreen_Generation = YES;
				INFOPLIST_KEY_UISupportedInterfaceOrientations_iPad = "UIInterfaceOrientationPortrait UIInterfaceOrientationPortraitUpsideDown UIInterfaceOrientationLandscapeLeft UIInterfaceOrientationLandscapeRight";
				INFOPLIST_KEY_UISupportedInterfaceOrientations_iPhone = "UIInterfaceOrientationPortrait UIInterfaceOrientationLandscapeLeft UIInterfaceOrientationLandscapeRight";
				LD_RUNPATH_SEARCH_PATHS = (
					"$(inherited)",
					"@executable_path/Frameworks",
				);
				MARKETING_VERSION = 1.0;
				PRODUCT_BUNDLE_IDENTIFIER = me.denis.david.GaytorPal;
				PRODUCT_NAME = "$(TARGET_NAME)";
				SWIFT_EMIT_LOC_STRINGS = YES;
				SWIFT_VERSION = 5.0;
				TARGETED_DEVICE_FAMILY = "1,2";
			};
			name = Release;
		};
/* End XCBuildConfiguration section */

/* Begin XCConfigurationList section */
		4609F10A2B76A32C005DA132 /* Build configuration list for PBXProject "GaytorPal" */ = {
			isa = XCConfigurationList;
			buildConfigurations = (
				4609F11B2B76A32D005DA132 /* Debug */,
				4609F11C2B76A32D005DA132 /* Release */,
			);
			defaultConfigurationIsVisible = 0;
			defaultConfigurationName = Release;
		};
		4609F11D2B76A32D005DA132 /* Build configuration list for PBXNativeTarget "GaytorPal" */ = {
			isa = XCConfigurationList;
			buildConfigurations = (
				4609F11E2B76A32D005DA132 /* Debug */,
				4609F11F2B76A32D005DA132 /* Release */,
			);
			defaultConfigurationIsVisible = 0;
			defaultConfigurationName = Release;
		};
/* End XCConfigurationList section */

/* Begin XCRemoteSwiftPackageReference section */
		466A2E912BB4DF6000370799 /* XCRemoteSwiftPackageReference "firebase-ios-sdk" */ = {
			isa = XCRemoteSwiftPackageReference;
			repositoryURL = "https://github.com/firebase/firebase-ios-sdk";
			requirement = {
				kind = upToNextMajorVersion;
				minimumVersion = 10.23.0;
			};
		};
/* End XCRemoteSwiftPackageReference section */

/* Begin XCSwiftPackageProductDependency section */
		466A2E922BB4DF6000370799 /* FirebaseAuth */ = {
			isa = XCSwiftPackageProductDependency;
			package = 466A2E912BB4DF6000370799 /* XCRemoteSwiftPackageReference "firebase-ios-sdk" */;
			productName = FirebaseAuth;
		};
		466A2E942BB4DF6000370799 /* FirebaseFirestore */ = {
			isa = XCSwiftPackageProductDependency;
			package = 466A2E912BB4DF6000370799 /* XCRemoteSwiftPackageReference "firebase-ios-sdk" */;
			productName = FirebaseFirestore;
		};
		466A2E962BB4DF6000370799 /* FirebaseFirestoreSwift */ = {
			isa = XCSwiftPackageProductDependency;
			package = 466A2E912BB4DF6000370799 /* XCRemoteSwiftPackageReference "firebase-ios-sdk" */;
			productName = FirebaseFirestoreSwift;
		};
		466A2E982BB4DF6000370799 /* FirebaseStorage */ = {
			isa = XCSwiftPackageProductDependency;
			package = 466A2E912BB4DF6000370799 /* XCRemoteSwiftPackageReference "firebase-ios-sdk" */;
			productName = FirebaseStorage;
		};
/* End XCSwiftPackageProductDependency section */
	};
	rootObject = 4609F1072B76A32C005DA132 /* Project object */;
}
